github.com/thomaswolf0/hugo-agency-web v0.0.0-20251130042019-c7dc5052377c h1:btA7g2upa6VHlvUGlRkxo3bYrEirLp/XU6nTuuNcPb8=
github.com/thomaswolf0/hugo-agency-web v0.0.0-20251130042019-c7dc5052377c/go.mod h1:BlWOUZ+O69Xfqt7leQygjeZcz5FDY1z18lgA023tTII=
github.com/writeonlycode/hugo-agency-web v0.0.0-20250709134630-9b263db5d8f2 h1:DlXhCMjGvxUcVotLjfuKzlNWzfe3YqHJkGNhDCjla4c=
github.com/writeonlycode/hugo-agency-web v0.0.0-20250709134630-9b263db5d8f2/go.mod h1:kv6ACKtYAfut1monBpXyXVfyDDSduqOIf2WkXcAMIp8=
